
Microsoft Visual Studio Solution File, Format Version 12.00
# Visual Studio 2012
Project("{FAE04EC0-301F-11D3-BF4B-00C04F79EFBC}") = "dcpuEmulator", "dcpuEmulator\dcpuEmulator.csproj", "{BE93838D-7AE1-4B6F-96F9-D74B65C6A26D}"
EndProject
Project("{FAE04EC0-301F-11D3-BF4B-00C04F79EFBC}") = "PluginInterface", "PluginInterface\PluginInterface.csproj", "{44B10CA0-DEDE-491F-8963-4F58F172C871}"
EndProject
Project("{FAE04EC0-301F-11D3-BF4B-00C04F79EFBC}") = "DefaultScreen", "DefaultScreen\DefaultScreen.csproj", "{50DB40B2-D1B2-4208-807E-72CEB12B534F}"
EndProject
Project("{FAE04EC0-301F-11D3-BF4B-00C04F79EFBC}") = "DefaultCpu", "DefaultCpu\DefaultCpu.csproj", "{45840BCD-3FC5-4580-B097-2DB3A2EBB5E7}"
EndProject
Project("{FAE04EC0-301F-11D3-BF4B-00C04F79EFBC}") = "DefaultRam", "DefaultRam\DefaultRam.csproj", "{91A092C2-9C3E-4FA1-BBEA-E48DF1F48AE7}"
EndProject
Project("{FAE04EC0-301F-11D3-BF4B-00C04F79EFBC}") = "DebuggerCpu", "DebuggerCpu\DebuggerCpu.csproj", "{6A37A7B5-0B27-47F0-81F4-10136C02E5CE}"
EndProject
Project("{FAE04EC0-301F-11D3-BF4B-00C04F79EFBC}") = "Generic Keyboard", "Generic Keyboard\Generic Keyboard.csproj", "{A4E3A4BE-1C80-49B5-AAD7-02C33B60B55E}"
EndProject
Global
	GlobalSection(SolutionConfigurationPlatforms) = preSolution
		Debug|Any CPU = Debug|Any CPU
		Release|Any CPU = Release|Any CPU
	EndGlobalSection
	GlobalSection(ProjectConfigurationPlatforms) = postSolution
		{BE93838D-7AE1-4B6F-96F9-D74B65C6A26D}.Debug|Any CPU.ActiveCfg = Debug|Any CPU
		{BE93838D-7AE1-4B6F-96F9-D74B65C6A26D}.Debug|Any CPU.Build.0 = Debug|Any CPU
		{BE93838D-7AE1-4B6F-96F9-D74B65C6A26D}.Release|Any CPU.ActiveCfg = Release|Any CPU
		{BE93838D-7AE1-4B6F-96F9-D74B65C6A26D}.Release|Any CPU.Build.0 = Release|Any CPU
		{44B10CA0-DEDE-491F-8963-4F58F172C871}.Debug|Any CPU.ActiveCfg = Debug|Any CPU
		{44B10CA0-DEDE-491F-8963-4F58F172C871}.Debug|Any CPU.Build.0 = Debug|Any CPU
		{44B10CA0-DEDE-491F-8963-4F58F172C871}.Release|Any CPU.ActiveCfg = Release|Any CPU
		{44B10CA0-DEDE-491F-8963-4F58F172C871}.Release|Any CPU.Build.0 = Release|Any CPU
		{50DB40B2-D1B2-4208-807E-72CEB12B534F}.Debug|Any CPU.ActiveCfg = Debug|Any CPU
		{50DB40B2-D1B2-4208-807E-72CEB12B534F}.Debug|Any CPU.Build.0 = Debug|Any CPU
		{50DB40B2-D1B2-4208-807E-72CEB12B534F}.Release|Any CPU.ActiveCfg = Release|Any CPU
		{50DB40B2-D1B2-4208-807E-72CEB12B534F}.Release|Any CPU.Build.0 = Release|Any CPU
		{45840BCD-3FC5-4580-B097-2DB3A2EBB5E7}.Debug|Any CPU.ActiveCfg = Debug|Any CPU
		{45840BCD-3FC5-4580-B097-2DB3A2EBB5E7}.Debug|Any CPU.Build.0 = Debug|Any CPU
		{45840BCD-3FC5-4580-B097-2DB3A2EBB5E7}.Release|Any CPU.ActiveCfg = Release|Any CPU
		{45840BCD-3FC5-4580-B097-2DB3A2EBB5E7}.Release|Any CPU.Build.0 = Release|Any CPU
		{91A092C2-9C3E-4FA1-BBEA-E48DF1F48AE7}.Debug|Any CPU.ActiveCfg = Debug|Any CPU
		{91A092C2-9C3E-4FA1-BBEA-E48DF1F48AE7}.Debug|Any CPU.Build.0 = Debug|Any CPU
		{91A092C2-9C3E-4FA1-BBEA-E48DF1F48AE7}.Release|Any CPU.ActiveCfg = Release|Any CPU
		{91A092C2-9C3E-4FA1-BBEA-E48DF1F48AE7}.Release|Any CPU.Build.0 = Release|Any CPU
		{6A37A7B5-0B27-47F0-81F4-10136C02E5CE}.Debug|Any CPU.ActiveCfg = Debug|Any CPU
		{6A37A7B5-0B27-47F0-81F4-10136C02E5CE}.Debug|Any CPU.Build.0 = Debug|Any CPU
		{6A37A7B5-0B27-47F0-81F4-10136C02E5CE}.Release|Any CPU.ActiveCfg = Release|Any CPU
		{6A37A7B5-0B27-47F0-81F4-10136C02E5CE}.Release|Any CPU.Build.0 = Release|Any CPU
		{A4E3A4BE-1C80-49B5-AAD7-02C33B60B55E}.Debug|Any CPU.ActiveCfg = Debug|Any CPU
		{A4E3A4BE-1C80-49B5-AAD7-02C33B60B55E}.Debug|Any CPU.Build.0 = Debug|Any CPU
		{A4E3A4BE-1C80-49B5-AAD7-02C33B60B55E}.Release|Any CPU.ActiveCfg = Release|Any CPU
		{A4E3A4BE-1C80-49B5-AAD7-02C33B60B55E}.Release|Any CPU.Build.0 = Release|Any CPU
	EndGlobalSection
	GlobalSection(SolutionProperties) = preSolution
		HideSolutionNode = FALSE
	EndGlobalSection
EndGlobal
